
Microsoft Visual Studio Solution File, Format Version 12.00
# Visual Studio Version 16
VisualStudioVersion = 16.0.29009.5
MinimumVisualStudioVersion = 10.0.40219.1
Project("{FAE04EC0-301F-11D3-BF4B-00C04F79EFBC}") = "Client_TicketPremium", "Client_TicketPremium\Client_TicketPremium.csproj", "{C687CFC7-FA65-403E-A861-CA11B5EE6AF5}"
EndProject
Global
	GlobalSection(SolutionConfigurationPlatforms) = preSolution
		Debug|Any CPU = Debug|Any CPU
		Release|Any CPU = Release|Any CPU
	EndGlobalSection
	GlobalSection(ProjectConfigurationPlatforms) = postSolution
		{C687CFC7-FA65-403E-A861-CA11B5EE6AF5}.Debug|Any CPU.ActiveCfg = Debug|Any CPU
		{C687CFC7-FA65-403E-A861-CA11B5EE6AF5}.Debug|Any CPU.Build.0 = Debug|Any CPU
		{C687CFC7-FA65-403E-A861-CA11B5EE6AF5}.Release|Any CPU.ActiveCfg = Release|Any CPU
		{C687CFC7-FA65-403E-A861-CA11B5EE6AF5}.Release|Any CPU.Build.0 = Release|Any CPU
	EndGlobalSection
	GlobalSection(SolutionProperties) = preSolution
		HideSolutionNode = FALSE
	EndGlobalSection
	GlobalSection(ExtensibilityGlobals) = postSolution
		SolutionGuid = {41F670F6-750F-4373-89C1-8F33A7F12EF9}
	EndGlobalSection
EndGlobal
